
Microsoft Visual Studio Solution File, Format Version 12.00
# Visual Studio Version 17
VisualStudioVersion = 17.10.35013.160
MinimumVisualStudioVersion = 10.0.40219.1
Project("{9A19103F-16F7-4668-BE54-9A1E7A4F7556}") = "VSFartMod", "VSFartMod.csproj", "{EB534219-AFE9-4E9F-9589-54A206FD18B5}"
EndProject
Global
	GlobalSection(SolutionConfigurationPlatforms) = preSolution
		Debug|Any CPU = Debug|Any CPU
		Release|Any CPU = Release|Any CPU
	EndGlobalSection
	GlobalSection(ProjectConfigurationPlatforms) = postSolution
		{EB534219-AFE9-4E9F-9589-54A206FD18B5}.Debug|Any CPU.ActiveCfg = Debug|Any CPU
		{EB534219-AFE9-4E9F-9589-54A206FD18B5}.Debug|Any CPU.Build.0 = Debug|Any CPU
		{EB534219-AFE9-4E9F-9589-54A206FD18B5}.Release|Any CPU.ActiveCfg = Release|Any CPU
		{EB534219-AFE9-4E9F-9589-54A206FD18B5}.Release|Any CPU.Build.0 = Release|Any CPU
	EndGlobalSection
	GlobalSection(SolutionProperties) = preSolution
		HideSolutionNode = FALSE
	EndGlobalSection
	GlobalSection(ExtensibilityGlobals) = postSolution
		SolutionGuid = {3EF9FA7E-6E44-456E-A99E-FCF05EFFFF99}
	EndGlobalSection
EndGlobal
